github.com/Microsoft/go-winio v0.6.2 h1:F2VQgta7ecxGYO8k3ZZz3RS8fVIXVxONVUPlNERoyfY=
github.com/Microsoft/go-winio v0.6.2/go.mod h1:yd8OoFMLzJbo9gZq8j5qaps8bJ9aShtEA8Ipt1oGCvU=
github.com/go-webgpu/goffi v0.6.3 h1:p4gKGikHBAQ/8iUiew9MV4C5M1ZGIsk8QGFGuJjMj+A=
github.com/go-webgpu/goffi v0.6.3/go.mod h1:wfoxNsJkU+5RFbV1kNN1kunhc1lFHuJKK3zpgx08/uM=
github.com/godbus/dbus/v5 v5.2.2 h1:TUR3TgtSVDmjiXOgAAyaZbYmIeP3DPkld3jgKGV8mXQ=
github.com/godbus/dbus/v5 v5.2.2/go.mod h1:3AAv2+hPq5rdnr5txxxRwiGjPXamgoIHgz9FPBfOp3c=
github.com/gogpu/systray v0.3.0 h1:1kbYI/XujAvbwaVs/4o/UAjSNW8DMgsGoBeACKTH+S0=
github.com/gogpu/systray v0.3.0/go.mod h1:aoA1tAjYSKH/iVc761t7IVDOaTRYmOwglbcbpcLF1v0=
github.com/google/uuid v1.6.0 h1:NIvaJDMOsjHA8n1jAhLSgzrAzy1Hgr+hNrb57e+94F0=
github.com/google/uuid v1.6.0/go.mod h1:TIyPZe4MgqvfeYDBFedMoGGpEw/LqOeaOT+nhxU+yHo=
github.com/ncruces/go-sqlite3 v0.35.4 h1:unjCk+lVaxMpD9hbVaZyDJviS5Unw1P03+HF0ROLlHo=
github.com/ncruces/go-sqlite3 v0.35.4/go.mod h1:dfbnrzPOLEIpCNZ1yDRkIG60pGxjDCwiEKj9A0lGWYE=
github.com/ncruces/go-sqlite3-wasm/v5 v5.0.35304 h1:Ck3GB9h+0n3hJqdhAeehOef3k5V+llGio1c2Dyk/W6w=
github.com/ncruces/go-sqlite3-wasm/v5 v5.0.35304/go.mod h1:gJyN6U50iis7mDt+rzRv8u9vUNr08NTD2p4fVonKn/Q=
github.com/ncruces/julianday v1.0.0 h1:fH0OKwa7NWvniGQtxdJRxAgkBMolni2BjDHaWTxqt7M=
github.com/ncruces/julianday v1.0.0/go.mod h1:Dusn2KvZrrovOMJuOt0TNXL6tB7U2E8kvza5fFc9G7g=
golang.org/x/crypto v0.55.0 h1:+KWHjbgOaAQ66dh/YlkZKHlz9ZUlq61AFirAR9ntP8M=
golang.org/x/crypto v0.55.0/go.mod h1:uq0V9dE/fzQuJtbnL+2EhWOE63vo164FY8xqEnV9xis=
golang.org/x/sys v0.47.0 h1:o7XGOvZQCADBQQ4Y7VNq2dRWQR7JmOUW8Kxx4ZsNgWs=
golang.org/x/sys v0.47.0/go.mod h1:4GL1E5IUh+htKOUEOaiffhrAeqysfVGipDYzABqnCmw=
golang.org/x/text v0.41.0 h1:vz/seA0lnX87Othu2f/0L24RcgrXD9/YFTSuGjj3rH8=
golang.org/x/text v0.41.0/go.mod h1:jvf1O8ajNzZqhSrQBPbutR/EB83Cc0CFrezNQIwbb5M=
